<?xml version="1.0" encoding="utf-8"?>
<Project ToolsVersion="4.0" xmlns="http://schemas.microsoft.com/developer/msbuild/2003">
  <ItemGroup>
    <Filter Include="源文件">
      <UniqueIdentifier>{4FC737F1-C7A5-4376-A066-2A32D752A2FF}</UniqueIdentifier>
      <Extensions>cpp;c;cc;cxx;c++;cppm;ixx;def;odl;idl;hpj;bat;asm;asmx</Extensions>
    </Filter>
    <Filter Include="头文件">
      <UniqueIdentifier>{93995380-89BD-4b04-88EB-625FBE52EBFB}</UniqueIdentifier>
      <Extensions>h;hh;hpp;hxx;h++;hm;inl;inc;ipp;xsd</Extensions>
    </Filter>
    <Filter Include="资源文件">
      <UniqueIdentifier>{67DA6AB6-F800-4c08-8B7A-83BB121AAD01}</UniqueIdentifier>
      <Extensions>rc;ico;cur;bmp;dlg;rc2;rct;bin;rgs;gif;jpg;jpeg;jpe;resx;tiff;tif;png;wav;mfcribbon-ms</Extensions>
    </Filter>
    <Filter Include="头文件\layer">
      <UniqueIdentifier>{4c52f292-a7b8-4a57-ae3f-406516811cca}</UniqueIdentifier>
    </Filter>
    <Filter Include="头文件\layer\x86">
      <UniqueIdentifier>{21c1f168-fde3-4307-b121-3da9108e67da}</UniqueIdentifier>
    </Filter>
    <Filter Include="源文件\layer">
      <UniqueIdentifier>{a3aaf465-835f-40d1-b926-952228223c95}</UniqueIdentifier>
    </Filter>
    <Filter Include="源文件\layer\x86">
      <UniqueIdentifier>{a60dcfea-3f8c-4ddf-8eb3-4a93a2ab34ff}</UniqueIdentifier>
    </Filter>
  </ItemGroup>
  <ItemGroup>
    <ClCompile Include="source\src\main.cpp">
      <Filter>源文件</Filter>
    </ClCompile>
    <ClCompile Include="source\src\amat.cpp">
      <Filter>源文件</Filter>
    </ClCompile>
    <ClCompile Include="source\src\data_reader.cpp">
      <Filter>源文件</Filter>
    </ClCompile>
    <ClCompile Include="source\src\param_dict.cpp">
      <Filter>源文件</Filter>
    </ClCompile>
    <ClCompile Include="source\src\net.cpp">
      <Filter>源文件</Filter>
    </ClCompile>
    <ClCompile Include="source\src\blob.cpp">
      <Filter>源文件</Filter>
    </ClCompile>
    <ClCompile Include="source\src\model_bin.cpp">
      <Filter>源文件</Filter>
    </ClCompile>
    <ClCompile Include="source\src\option.cpp">
      <Filter>源文件</Filter>
    </ClCompile>
    <ClCompile Include="source\src\logger.cpp">
      <Filter>源文件</Filter>
    </ClCompile>
    <ClCompile Include="source\src\layer\x86\convolution_x86_avx.cpp">
      <Filter>源文件\layer\x86</Filter>
    </ClCompile>
    <ClCompile Include="source\src\layer\x86\pooling_x86_avx.cpp">
      <Filter>源文件\layer\x86</Filter>
    </ClCompile>
    <ClCompile Include="source\src\layer\x86\relu_x86_avx.cpp">
      <Filter>源文件\layer\x86</Filter>
    </ClCompile>
    <ClCompile Include="source\src\layer\layer.cpp">
      <Filter>源文件\layer</Filter>
    </ClCompile>
    <ClCompile Include="source\src\layer\layer_concat.cpp">
      <Filter>源文件\layer</Filter>
    </ClCompile>
    <ClCompile Include="source\src\layer\layer_convolution.cpp">
      <Filter>源文件\layer</Filter>
    </ClCompile>
    <ClCompile Include="source\src\layer\layer_dropout.cpp">
      <Filter>源文件\layer</Filter>
    </ClCompile>
    <ClCompile Include="source\src\layer\layer_factory.cpp">
      <Filter>源文件\layer</Filter>
    </ClCompile>
    <ClCompile Include="source\src\layer\layer_input.cpp">
      <Filter>源文件\layer</Filter>
    </ClCompile>
    <ClCompile Include="source\src\layer\layer_pooling.cpp">
      <Filter>源文件\layer</Filter>
    </ClCompile>
    <ClCompile Include="source\src\layer\layer_relu.cpp">
      <Filter>源文件\layer</Filter>
    </ClCompile>
    <ClCompile Include="source\src\layer\layer_softmax.cpp">
      <Filter>源文件\layer</Filter>
    </ClCompile>
    <ClCompile Include="source\src\layer\layer_split.cpp">
      <Filter>源文件\layer</Filter>
    </ClCompile>
    <ClCompile Include="source\src\layer\x86\dropout_x86_avx.cpp">
      <Filter>源文件\layer\x86</Filter>
    </ClCompile>
    <ClCompile Include="source\src\layer\x86\math_function.cpp">
      <Filter>源文件\layer\x86</Filter>
    </ClCompile>
    <ClCompile Include="source\src\layer\x86\softmax_x86_avx.cpp">
      <Filter>源文件\layer\x86</Filter>
    </ClCompile>
    <ClCompile Include="source\src\layer\layer_binaryop.cpp">
      <Filter>源文件\layer</Filter>
    </ClCompile>
    <ClCompile Include="source\src\layer\layer_dequantize.cpp">
      <Filter>源文件\layer</Filter>
    </ClCompile>
    <ClCompile Include="source\src\layer\layer_flatten.cpp">
      <Filter>源文件\layer</Filter>
    </ClCompile>
    <ClCompile Include="source\src\layer\layer_innerproduct.cpp">
      <Filter>源文件\layer</Filter>
    </ClCompile>
    <ClCompile Include="source\src\layer\layer_padding.cpp">
      <Filter>源文件\layer</Filter>
    </ClCompile>
    <ClCompile Include="source\src\layer\layer_quantize.cpp">
      <Filter>源文件\layer</Filter>
    </ClCompile>
    <ClCompile Include="source\src\layer\layer_requantize.cpp">
      <Filter>源文件\layer</Filter>
    </ClCompile>
    <ClCompile Include="source\src\quantize_tools.cpp">
      <Filter>源文件</Filter>
    </ClCompile>
    <ClCompile Include="source\src\layer\layer_fused_activation.cpp">
      <Filter>源文件\layer</Filter>
    </ClCompile>
    <ClCompile Include="source\src\examples\test_squeezenet.cpp">
      <Filter>源文件</Filter>
    </ClCompile>
    <ClCompile Include="source\src\common.cpp">
      <Filter>源文件</Filter>
    </ClCompile>
  </ItemGroup>
  <ItemGroup>
    <ClInclude Include="source\include\allocate.h">
      <Filter>头文件</Filter>
    </ClInclude>
    <ClInclude Include="source\include\amat.h">
      <Filter>头文件</Filter>
    </ClInclude>
    <ClInclude Include="source\include\param_dict.h">
      <Filter>头文件</Filter>
    </ClInclude>
    <ClInclude Include="source\include\data_reader.h">
      <Filter>头文件</Filter>
    </ClInclude>
    <ClInclude Include="source\include\net.h">
      <Filter>头文件</Filter>
    </ClInclude>
    <ClInclude Include="source\include\blob.h">
      <Filter>头文件</Filter>
    </ClInclude>
    <ClInclude Include="source\include\model_bin.h">
      <Filter>头文件</Filter>
    </ClInclude>
    <ClInclude Include="source\include\option.h">
      <Filter>头文件</Filter>
    </ClInclude>
    <ClInclude Include="source\include\logger.h">
      <Filter>头文件</Filter>
    </ClInclude>
    <ClInclude Include="source\include\layer\x86\convolution_x86_avx.h">
      <Filter>头文件\layer\x86</Filter>
    </ClInclude>
    <ClInclude Include="source\include\layer\x86\pooling_x86_avx.h">
      <Filter>头文件\layer\x86</Filter>
    </ClInclude>
    <ClInclude Include="source\include\layer\x86\relu_x86_avx.h">
      <Filter>头文件\layer\x86</Filter>
    </ClInclude>
    <ClInclude Include="source\include\layer\layer.h">
      <Filter>头文件\layer</Filter>
    </ClInclude>
    <ClInclude Include="source\include\layer\layer_concat.h">
      <Filter>头文件\layer</Filter>
    </ClInclude>
    <ClInclude Include="source\include\layer\layer_convolution.h">
      <Filter>头文件\layer</Filter>
    </ClInclude>
    <ClInclude Include="source\include\layer\layer_dropout.h">
      <Filter>头文件\layer</Filter>
    </ClInclude>
    <ClInclude Include="source\include\layer\layer_factory.h">
      <Filter>头文件\layer</Filter>
    </ClInclude>
    <ClInclude Include="source\include\layer\layer_input.h">
      <Filter>头文件\layer</Filter>
    </ClInclude>
    <ClInclude Include="source\include\layer\layer_pooling.h">
      <Filter>头文件\layer</Filter>
    </ClInclude>
    <ClInclude Include="source\include\layer\layer_relu.h">
      <Filter>头文件\layer</Filter>
    </ClInclude>
    <ClInclude Include="source\include\layer\layer_softmax.h">
      <Filter>头文件\layer</Filter>
    </ClInclude>
    <ClInclude Include="source\include\layer\layer_split.h">
      <Filter>头文件\layer</Filter>
    </ClInclude>
    <ClInclude Include="source\include\layer\x86\dropout_x86_avx.h">
      <Filter>头文件\layer\x86</Filter>
    </ClInclude>
    <ClInclude Include="source\include\layer\x86\math_function.h">
      <Filter>头文件\layer\x86</Filter>
    </ClInclude>
    <ClInclude Include="source\include\layer\x86\softmax_x86_avx.h">
      <Filter>头文件\layer\x86</Filter>
    </ClInclude>
    <ClInclude Include="source\include\layer\layer_binaryop.h">
      <Filter>头文件\layer</Filter>
    </ClInclude>
    <ClInclude Include="source\include\layer\layer_dequantize.h">
      <Filter>头文件\layer</Filter>
    </ClInclude>
    <ClInclude Include="source\include\layer\layer_fused_activation.h">
      <Filter>头文件\layer</Filter>
    </ClInclude>
    <ClInclude Include="source\include\layer\layer_innerproduct.h">
      <Filter>头文件\layer</Filter>
    </ClInclude>
    <ClInclude Include="source\include\layer\layer_padding.h">
      <Filter>头文件\layer</Filter>
    </ClInclude>
    <ClInclude Include="source\include\layer\layer_quantize.h">
      <Filter>头文件\layer</Filter>
    </ClInclude>
    <ClInclude Include="source\include\layer\layer_requantize.h">
      <Filter>头文件\layer</Filter>
    </ClInclude>
    <ClInclude Include="source\include\layer\layer_flatten.h">
      <Filter>头文件\layer</Filter>
    </ClInclude>
    <ClInclude Include="source\include\quantize_tools.h">
      <Filter>头文件</Filter>
    </ClInclude>
    <ClInclude Include="source\include\examples\test_squeezenet.h">
      <Filter>头文件</Filter>
    </ClInclude>
    <ClInclude Include="source\include\common.h">
      <Filter>头文件</Filter>
    </ClInclude>
  </ItemGroup>
</Project>